
Microsoft Visual Studio Solution File, Format Version 12.00
# Visual Studio Version 17
VisualStudioVersion = 17.5.002.0
MinimumVisualStudioVersion = 10.0.40219.1
Project("{9A19103F-16F7-4668-BE54-9A1E7A4F7556}") = "Lançamento de Dados", "Lançamento de Dados.csproj", "{52A2920C-DEF8-455F-B8CF-099432CC364F}"
EndProject
Global
	GlobalSection(SolutionConfigurationPlatforms) = preSolution
		Debug|Any CPU = Debug|Any CPU
		Release|Any CPU = Release|Any CPU
	EndGlobalSection
	GlobalSection(ProjectConfigurationPlatforms) = postSolution
		{52A2920C-DEF8-455F-B8CF-099432CC364F}.Debug|Any CPU.ActiveCfg = Debug|Any CPU
		{52A2920C-DEF8-455F-B8CF-099432CC364F}.Debug|Any CPU.Build.0 = Debug|Any CPU
		{52A2920C-DEF8-455F-B8CF-099432CC364F}.Release|Any CPU.ActiveCfg = Release|Any CPU
		{52A2920C-DEF8-455F-B8CF-099432CC364F}.Release|Any CPU.Build.0 = Release|Any CPU
	EndGlobalSection
	GlobalSection(SolutionProperties) = preSolution
		HideSolutionNode = FALSE
	EndGlobalSection
	GlobalSection(ExtensibilityGlobals) = postSolution
		SolutionGuid = {F43396B3-AE41-445B-8235-1730B68DCA56}
	EndGlobalSection
EndGlobal
